
Microsoft Visual Studio Solution File, Format Version 12.00
# Visual Studio Version 16
VisualStudioVersion = 16.0.31105.61
MinimumVisualStudioVersion = 10.0.40219.1
Project("{9A19103F-16F7-4668-BE54-9A1E7A4F7556}") = "InventorySystem", "InventorySystem.csproj", "{07605B54-561D-4706-A8E0-89154C607AE0}"
EndProject
Project("{9A19103F-16F7-4668-BE54-9A1E7A4F7556}") = "IMS.BL", "IMS.BL\IMS.BL.csproj", "{D9BDC559-5F74-4378-AD58-DD616057EB91}"
EndProject
Project("{9A19103F-16F7-4668-BE54-9A1E7A4F7556}") = "IMS.Common", "IMS.Common\IMS.Common.csproj", "{6736F556-E3B8-49B7-89C3-A30E705B0B94}"
EndProject
Project("{9A19103F-16F7-4668-BE54-9A1E7A4F7556}") = "IMS.DL", "IMS.DL\IMS.DL.csproj", "{E3D39D2C-5E38-4EBF-AE61-C85ADB80AAF9}"
EndProject
Project("{9A19103F-16F7-4668-BE54-9A1E7A4F7556}") = "IMS.UI", "IMS.UI\IMS.UI.csproj", "{BF4D5E81-1128-4860-9A28-5D9A224D4D39}"
EndProject
Global
	GlobalSection(SolutionConfigurationPlatforms) = preSolution
		Debug|Any CPU = Debug|Any CPU
		Release|Any CPU = Release|Any CPU
	EndGlobalSection
	GlobalSection(ProjectConfigurationPlatforms) = postSolution
		{07605B54-561D-4706-A8E0-89154C607AE0}.Debug|Any CPU.ActiveCfg = Debug|Any CPU
		{07605B54-561D-4706-A8E0-89154C607AE0}.Debug|Any CPU.Build.0 = Debug|Any CPU
		{07605B54-561D-4706-A8E0-89154C607AE0}.Release|Any CPU.ActiveCfg = Release|Any CPU
		{07605B54-561D-4706-A8E0-89154C607AE0}.Release|Any CPU.Build.0 = Release|Any CPU
		{D9BDC559-5F74-4378-AD58-DD616057EB91}.Debug|Any CPU.ActiveCfg = Debug|Any CPU
		{D9BDC559-5F74-4378-AD58-DD616057EB91}.Debug|Any CPU.Build.0 = Debug|Any CPU
		{D9BDC559-5F74-4378-AD58-DD616057EB91}.Release|Any CPU.ActiveCfg = Release|Any CPU
		{D9BDC559-5F74-4378-AD58-DD616057EB91}.Release|Any CPU.Build.0 = Release|Any CPU
		{6736F556-E3B8-49B7-89C3-A30E705B0B94}.Debug|Any CPU.ActiveCfg = Debug|Any CPU
		{6736F556-E3B8-49B7-89C3-A30E705B0B94}.Debug|Any CPU.Build.0 = Debug|Any CPU
		{6736F556-E3B8-49B7-89C3-A30E705B0B94}.Release|Any CPU.ActiveCfg = Release|Any CPU
		{6736F556-E3B8-49B7-89C3-A30E705B0B94}.Release|Any CPU.Build.0 = Release|Any CPU
		{E3D39D2C-5E38-4EBF-AE61-C85ADB80AAF9}.Debug|Any CPU.ActiveCfg = Debug|Any CPU
		{E3D39D2C-5E38-4EBF-AE61-C85ADB80AAF9}.Debug|Any CPU.Build.0 = Debug|Any CPU
		{E3D39D2C-5E38-4EBF-AE61-C85ADB80AAF9}.Release|Any CPU.ActiveCfg = Release|Any CPU
		{E3D39D2C-5E38-4EBF-AE61-C85ADB80AAF9}.Release|Any CPU.Build.0 = Release|Any CPU
		{BF4D5E81-1128-4860-9A28-5D9A224D4D39}.Debug|Any CPU.ActiveCfg = Debug|Any CPU
		{BF4D5E81-1128-4860-9A28-5D9A224D4D39}.Debug|Any CPU.Build.0 = Debug|Any CPU
		{BF4D5E81-1128-4860-9A28-5D9A224D4D39}.Release|Any CPU.ActiveCfg = Release|Any CPU
		{BF4D5E81-1128-4860-9A28-5D9A224D4D39}.Release|Any CPU.Build.0 = Release|Any CPU
	EndGlobalSection
	GlobalSection(SolutionProperties) = preSolution
		HideSolutionNode = FALSE
	EndGlobalSection
	GlobalSection(ExtensibilityGlobals) = postSolution
		SolutionGuid = {B8E79D73-D8D4-4A17-B530-D8C72DC37AF5}
	EndGlobalSection
EndGlobal
